Microsoft Visual Studio Solution File, Format Version 12.00
# Visual Studio Version 17
VisualStudioVersion = 17.5.2.0
MinimumVisualStudioVersion = 10.0.40219.1
Project("{FAE04EC0-301F-11D3-BF4B-00C04F79EFBC}") = "MentorMenteeServer", "MentorMenteeServer.csproj", "{BE013C5F-309E-2E03-1B51-325E3231D46D}"
EndProject
Global
	GlobalSection(SolutionConfigurationPlatforms) = preSolution
		Debug|Any CPU = Debug|Any CPU
		Release|Any CPU = Release|Any CPU
	EndGlobalSection
	GlobalSection(ProjectConfigurationPlatforms) = postSolution
		{BE013C5F-309E-2E03-1B51-325E3231D46D}.Debug|Any CPU.ActiveCfg = Debug|Any CPU
		{BE013C5F-309E-2E03-1B51-325E3231D46D}.Debug|Any CPU.Build.0 = Debug|Any CPU
		{BE013C5F-309E-2E03-1B51-325E3231D46D}.Release|Any CPU.ActiveCfg = Release|Any CPU
		{BE013C5F-309E-2E03-1B51-325E3231D46D}.Release|Any CPU.Build.0 = Release|Any CPU
	EndGlobalSection
	GlobalSection(SolutionProperties) = preSolution
		HideSolutionNode = FALSE
	EndGlobalSection
	GlobalSection(ExtensibilityGlobals) = postSolution
		SolutionGuid = {702C2D07-1813-4D2F-8585-BAE4CED7E0BB}
	EndGlobalSection
EndGlobal
