Microsoft Visual Studio Solution File, Format Version 12.00
# Visual Studio Version 17
VisualStudioVersion = 17.13.35828.75
MinimumVisualStudioVersion = 10.0.40219.1
Project("{FAE04EC0-301F-11D3-BF4B-00C04F79EFBC}") = "MentorMentee.Cryptography", "MentorMentee.Cryptography\MentorMentee.Cryptography.csproj", "{0B5339AE-BA2E-4413-B112-F5B784F7F174}"
EndProject
Global
	GlobalSection(SolutionConfigurationPlatforms) = preSolution
		Debug|Any CPU = Debug|Any CPU
		Release|Any CPU = Release|Any CPU
	EndGlobalSection
	GlobalSection(ProjectConfigurationPlatforms) = postSolution
		{0B5339AE-BA2E-4413-B112-F5B784F7F174}.Debug|Any CPU.ActiveCfg = Debug|Any CPU
		{0B5339AE-BA2E-4413-B112-F5B784F7F174}.Debug|Any CPU.Build.0 = Debug|Any CPU
		{0B5339AE-BA2E-4413-B112-F5B784F7F174}.Release|Any CPU.ActiveCfg = Release|Any CPU
		{0B5339AE-BA2E-4413-B112-F5B784F7F174}.Release|Any CPU.Build.0 = Release|Any CPU
	EndGlobalSection
	GlobalSection(SolutionProperties) = preSolution
		HideSolutionNode = FALSE
	EndGlobalSection
	GlobalSection(ExtensibilityGlobals) = postSolution
		SolutionGuid = {1E2AA1F0-088D-4AE7-9365-E02685C8B57D}
	EndGlobalSection
EndGlobal
